
Microsoft Visual Studio Solution File, Format Version 12.00
# Visual Studio Version 16
VisualStudioVersion = 16.0.30309.148
MinimumVisualStudioVersion = 10.0.40219.1
Project("{FAE04EC0-301F-11D3-BF4B-00C04F79EFBC}") = "DownloadExcelFileInAspNetCore", "DownloadExcelFileInAspNetCore\DownloadExcelFileInAspNetCore.csproj", "{31DD7A67-105F-4E86-9A24-490DF81DAA64}"
EndProject
Global
	GlobalSection(SolutionConfigurationPlatforms) = preSolution
		Debug|Any CPU = Debug|Any CPU
		Release|Any CPU = Release|Any CPU
	EndGlobalSection
	GlobalSection(ProjectConfigurationPlatforms) = postSolution
		{31DD7A67-105F-4E86-9A24-490DF81DAA64}.Debug|Any CPU.ActiveCfg = Debug|Any CPU
		{31DD7A67-105F-4E86-9A24-490DF81DAA64}.Debug|Any CPU.Build.0 = Debug|Any CPU
		{31DD7A67-105F-4E86-9A24-490DF81DAA64}.Release|Any CPU.ActiveCfg = Release|Any CPU
		{31DD7A67-105F-4E86-9A24-490DF81DAA64}.Release|Any CPU.Build.0 = Release|Any CPU
	EndGlobalSection
	GlobalSection(SolutionProperties) = preSolution
		HideSolutionNode = FALSE
	EndGlobalSection
	GlobalSection(ExtensibilityGlobals) = postSolution
		SolutionGuid = {C4206676-D78B-4A0B-9050-BC0BAA810576}
	EndGlobalSection
EndGlobal
